// !$*UTF8*$!
{
	archiveVersion = 1;
	classes = {
	};
	objectVersion = 46;
	objects = {

/* Begin PBXBuildFile section */
		412EAA97191EA7E200982F84 /* QuestListViewController.m in Sources */ = {isa = PBXBuildFile; fileRef = 412EAA96191EA7E200982F84 /* QuestListViewController.m */; };
		41C5FF5D191E9BCD00AB6772 /* Foundation.framework in Frameworks */ = {isa = PBXBuildFile; fileRef = 41C5FF5C191E9BCD00AB6772 /* Foundation.framework */; };
		41C5FF5F191E9BCD00AB6772 /* CoreGraphics.framework in Frameworks */ = {isa = PBXBuildFile; fileRef = 41C5FF5E191E9BCD00AB6772 /* CoreGraphics.framework */; };
		41C5FF61191E9BCD00AB6772 /* UIKit.framework in Frameworks */ = {isa = PBXBuildFile; fileRef = 41C5FF60191E9BCD00AB6772 /* UIKit.framework */; };
		41C5FF67191E9BCD00AB6772 /* InfoPlist.strings in Resources */ = {isa = PBXBuildFile; fileRef = 41C5FF65191E9BCD00AB6772 /* InfoPlist.strings */; };
		41C5FF69191E9BCD00AB6772 /* main.m in Sources */ = {isa = PBXBuildFile; fileRef = 41C5FF68191E9BCD00AB6772 /* main.m */; };
		41C5FF6D191E9BCD00AB6772 /* AppDelegate.m in Sources */ = {isa = PBXBuildFile; fileRef = 41C5FF6C191E9BCD00AB6772 /* AppDelegate.m */; };
		41C5FF70191E9BCD00AB6772 /* Main.storyboard in Resources */ = {isa = PBXBuildFile; fileRef = 41C5FF6E191E9BCD00AB6772 /* Main.storyboard */; };
		41C5FF73191E9BCD00AB6772 /* LoginViewController.m in Sources */ = {isa = PBXBuildFile; fileRef = 41C5FF72191E9BCD00AB6772 /* LoginViewController.m */; };
		41C5FF75191E9BCD00AB6772 /* Images.xcassets in Resources */ = {isa = PBXBuildFile; fileRef = 41C5FF74191E9BCD00AB6772 /* Images.xcassets */; };
		41C5FF7C191E9BCD00AB6772 /* XCTest.framework in Frameworks */ = {isa = PBXBuildFile; fileRef = 41C5FF7B191E9BCD00AB6772 /* XCTest.framework */; };
		41C5FF7D191E9BCD00AB6772 /* Foundation.framework in Frameworks */ = {isa = PBXBuildFile; fileRef = 41C5FF5C191E9BCD00AB6772 /* Foundation.framework */; };
		41C5FF7E191E9BCD00AB6772 /* UIKit.framework in Frameworks */ = {isa = PBXBuildFile; fileRef = 41C5FF60191E9BCD00AB6772 /* UIKit.framework */; };
		41C5FF86191E9BCD00AB6772 /* InfoPlist.strings in Resources */ = {isa = PBXBuildFile; fileRef = 41C5FF84191E9BCD00AB6772 /* InfoPlist.strings */; };
		41C5FF88191E9BCD00AB6772 /* HeroQuestTests.m in Sources */ = {isa = PBXBuildFile; fileRef = 41C5FF87191E9BCD00AB6772 /* HeroQuestTests.m */; };
/* End PBXBuildFile section */

/* Begin PBXContainerItemProxy section */
		41C5FF7F191E9BCD00AB6772 /* PBXContainerItemProxy */ = {
			isa = PBXContainerItemProxy;
			containerPortal = 41C5FF51191E9BCC00AB6772 /* Project object */;
			proxyType = 1;
			remoteGlobalIDString = 41C5FF58191E9BCC00AB6772;
			remoteInfo = HeroQuest;
		};
/* End PBXContainerItemProxy section */

/* Begin PBXFileReference section */
		412EAA95191EA7E200982F84 /* QuestListViewController.h */ = {isa = PBXFileReference; fileEncoding = 4; lastKnownFileType = sourcecode.c.h; path = QuestListViewController.h; sourceTree = "<group>"; };
		412EAA96191EA7E200982F84 /* QuestListViewController.m */ = {isa = PBXFileReference; fileEncoding = 4; lastKnownFileType = sourcecode.c.objc; path = QuestListViewController.m; sourceTree = "<group>"; };
		41C5FF59191E9BCD00AB6772 /* HeroQuest.app */ = {isa = PBXFileReference; explicitFileType = wrapper.application; includeInIndex = 0; path = HeroQuest.app; sourceTree = BUILT_PRODUCTS_DIR; };
		41C5FF5C191E9BCD00AB6772 /* Foundation.framework */ = {isa = PBXFileReference; lastKnownFileType = wrapper.framework; name = Foundation.framework; path = System/Library/Frameworks/Foundation.framework; sourceTree = SDKROOT; };
		41C5FF5E191E9BCD00AB6772 /* CoreGraphics.framework */ = {isa = PBXFileReference; lastKnownFileType = wrapper.framework; name = CoreGraphics.framework; path = System/Library/Frameworks/CoreGraphics.framework; sourceTree = SDKROOT; };
		41C5FF60191E9BCD00AB6772 /* UIKit.framework */ = {isa = PBXFileReference; lastKnownFileType = wrapper.framework; name = UIKit.framework; path = System/Library/Frameworks/UIKit.framework; sourceTree = SDKROOT; };
		41C5FF64191E9BCD00AB6772 /* HeroQuest-Info.plist */ = {isa = PBXFileReference; lastKnownFileType = text.plist.xml; path = "HeroQuest-Info.plist"; sourceTree = "<group>"; };
		41C5FF66191E9BCD00AB6772 /* en */ = {isa = PBXFileReference; lastKnownFileType = text.plist.strings; name = en; path = en.lproj/InfoPlist.strings; sourceTree = "<group>"; };
		41C5FF68191E9BCD00AB6772 /* main.m */ = {isa = PBXFileReference; lastKnownFileType = sourcecode.c.objc; path = main.m; sourceTree = "<group>"; };
		41C5FF6A191E9BCD00AB6772 /* HeroQuest-Prefix.pch */ = {isa = PBXFileReference; lastKnownFileType = sourcecode.c.h; path = "HeroQuest-Prefix.pch"; sourceTree = "<group>"; };
		41C5FF6B191E9BCD00AB6772 /* AppDelegate.h */ = {isa = PBXFileReference; lastKnownFileType = sourcecode.c.h; path = AppDelegate.h; sourceTree = "<group>"; };
		41C5FF6C191E9BCD00AB6772 /* AppDelegate.m */ = {isa = PBXFileReference; lastKnownFileType = sourcecode.c.objc; path = AppDelegate.m; sourceTree = "<group>"; };
		41C5FF6F191E9BCD00AB6772 /* Base */ = {isa = PBXFileReference; lastKnownFileType = file.storyboard; name = Base; path = Base.lproj/Main.storyboard; sourceTree = "<group>"; };
		41C5FF71191E9BCD00AB6772 /* LoginViewController.h */ = {isa = PBXFileReference; lastKnownFileType = sourcecode.c.h; path = LoginViewController.h; sourceTree = "<group>"; };
		41C5FF72191E9BCD00AB6772 /* LoginViewController.m */ = {isa = PBXFileReference; lastKnownFileType = sourcecode.c.objc; path = LoginViewController.m; sourceTree = "<group>"; };
		41C5FF74191E9BCD00AB6772 /* Images.xcassets */ = {isa = PBXFileReference; lastKnownFileType = folder.assetcatalog; path = Images.xcassets; sourceTree = "<group>"; };
		41C5FF7A191E9BCD00AB6772 /* HeroQuestTests.xctest */ = {isa = PBXFileReference; explicitFileType = wrapper.cfbundle; includeInIndex = 0; path = HeroQuestTests.xctest; sourceTree = BUILT_PRODUCTS_DIR; };
		41C5FF7B191E9BCD00AB6772 /* XCTest.framework */ = {isa = PBXFileReference; lastKnownFileType = wrapper.framework; name = XCTest.framework; path = Library/Frameworks/XCTest.framework; sourceTree = DEVELOPER_DIR; };
		41C5FF83191E9BCD00AB6772 /* HeroQuestTests-Info.plist */ = {isa = PBXFileReference; lastKnownFileType = text.plist.xml; path = "HeroQuestTests-Info.plist"; sourceTree = "<group>"; };
		41C5FF85191E9BCD00AB6772 /* en */ = {isa = PBXFileReference; lastKnownFileType = text.plist.strings; name = en; path = en.lproj/InfoPlist.strings; sourceTree = "<group>"; };
		41C5FF87191E9BCD00AB6772 /* HeroQuestTests.m */ = {isa = PBXFileReference; lastKnownFileType = sourcecode.c.objc; path = HeroQuestTests.m; sourceTree = "<group>"; };
/* End PBXFileReference section */

/* Begin PBXFrameworksBuildPhase section */
		41C5FF56191E9BCC00AB6772 /* Frameworks */ = {
			isa = PBXFrameworksBuildPhase;
			buildActionMask = 2147483647;
			files = (
				41C5FF5F191E9BCD00AB6772 /* CoreGraphics.framework in Frameworks */,
				41C5FF61191E9BCD00AB6772 /* UIKit.framework in Frameworks */,
				41C5FF5D191E9BCD00AB6772 /* Foundation.framework in Frameworks */,
			);
			runOnlyForDeploymentPostprocessing = 0;
		};
		41C5FF77191E9BCD00AB6772 /* Frameworks */ = {
			isa = PBXFrameworksBuildPhase;
			buildActionMask = 2147483647;
			files = (
				41C5FF7C191E9BCD00AB6772 /* XCTest.framework in Frameworks */,
				41C5FF7E191E9BCD00AB6772 /* UIKit.framework in Frameworks */,
				41C5FF7D191E9BCD00AB6772 /* Foundation.framework in Frameworks */,
			);
			runOnlyForDeploymentPostprocessing = 0;
		};
/* End PBXFrameworksBuildPhase section */

/* Begin PBXGroup section */
		41C5FF50191E9BCC00AB6772 = {
			isa = PBXGroup;
			children = (
				41C5FF62191E9BCD00AB6772 /* HeroQuest */,
				41C5FF81191E9BCD00AB6772 /* HeroQuestTests */,
				41C5FF5B191E9BCD00AB6772 /* Frameworks */,
				41C5FF5A191E9BCD00AB6772 /* Products */,
			);
			sourceTree = "<group>";
		};
		41C5FF5A191E9BCD00AB6772 /* Products */ = {
			isa = PBXGroup;
			children = (
				41C5FF59191E9BCD00AB6772 /* HeroQuest.app */,
				41C5FF7A191E9BCD00AB6772 /* HeroQuestTests.xctest */,
			);
			name = Products;
			sourceTree = "<group>";
		};
		41C5FF5B191E9BCD00AB6772 /* Frameworks */ = {
			isa = PBXGroup;
			children = (
				41C5FF5C191E9BCD00AB6772 /* Foundation.framework */,
				41C5FF5E191E9BCD00AB6772 /* CoreGraphics.framework */,
				41C5FF60191E9BCD00AB6772 /* UIKit.framework */,
				41C5FF7B191E9BCD00AB6772 /* XCTest.framework */,
			);
			name = Frameworks;
			sourceTree = "<group>";
		};
		41C5FF62191E9BCD00AB6772 /* HeroQuest */ = {
			isa = PBXGroup;
			children = (
				41C5FF6B191E9BCD00AB6772 /* AppDelegate.h */,
				41C5FF6C191E9BCD00AB6772 /* AppDelegate.m */,
				41C5FF6E191E9BCD00AB6772 /* Main.storyboard */,
				412EAA95191EA7E200982F84 /* QuestListViewController.h */,
				412EAA96191EA7E200982F84 /* QuestListViewController.m */,
				41C5FF71191E9BCD00AB6772 /* LoginViewController.h */,
				41C5FF72191E9BCD00AB6772 /* LoginViewController.m */,
				41C5FF74191E9BCD00AB6772 /* Images.xcassets */,
				41C5FF63191E9BCD00AB6772 /* Supporting Files */,
			);
			path = HeroQuest;
			sourceTree = "<group>";
		};
		41C5FF63191E9BCD00AB6772 /* Supporting Files */ = {
			isa = PBXGroup;
			children = (
				41C5FF64191E9BCD00AB6772 /* HeroQuest-Info.plist */,
				41C5FF65191E9BCD00AB6772 /* InfoPlist.strings */,
				41C5FF68191E9BCD00AB6772 /* main.m */,
				41C5FF6A191E9BCD00AB6772 /* HeroQuest-Prefix.pch */,
			);
			name = "Supporting Files";
			sourceTree = "<group>";
		};
		41C5FF81191E9BCD00AB6772 /* HeroQuestTests */ = {
			isa = PBXGroup;
			children = (
				41C5FF87191E9BCD00AB6772 /* HeroQuestTests.m */,
				41C5FF82191E9BCD00AB6772 /* Supporting Files */,
			);
			path = HeroQuestTests;
			sourceTree = "<group>";
		};
		41C5FF82191E9BCD00AB6772 /* Supporting Files */ = {
			isa = PBXGroup;
			children = (
				41C5FF83191E9BCD00AB6772 /* HeroQuestTests-Info.plist */,
				41C5FF84191E9BCD00AB6772 /* InfoPlist.strings */,
			);
			name = "Supporting Files";
			sourceTree = "<group>";
		};
/* End PBXGroup section */

/* Begin PBXNativeTarget section */
		41C5FF58191E9BCC00AB6772 /* HeroQuest */ = {
			isa = PBXNativeTarget;
			buildConfigurationList = 41C5FF8B191E9BCD00AB6772 /* Build configuration list for PBXNativeTarget "HeroQuest" */;
			buildPhases = (
				41C5FF55191E9BCC00AB6772 /* Sources */,
				41C5FF56191E9BCC00AB6772 /* Frameworks */,
				41C5FF57191E9BCC00AB6772 /* Resources */,
			);
			buildRules = (
			);
			dependencies = (
			);
			name = HeroQuest;
			productName = HeroQuest;
			productReference = 41C5FF59191E9BCD00AB6772 /* HeroQuest.app */;
			productType = "com.apple.product-type.application";
		};
		41C5FF79191E9BCD00AB6772 /* HeroQuestTests */ = {
			isa = PBXNativeTarget;
			buildConfigurationList = 41C5FF8E191E9BCD00AB6772 /* Build configuration list for PBXNativeTarget "HeroQuestTests" */;
			buildPhases = (
				41C5FF76191E9BCD00AB6772 /* Sources */,
				41C5FF77191E9BCD00AB6772 /* Frameworks */,
				41C5FF78191E9BCD00AB6772 /* Resources */,
			);
			buildRules = (
			);
			dependencies = (
				41C5FF80191E9BCD00AB6772 /* PBXTargetDependency */,
			);
			name = HeroQuestTests;
			productName = HeroQuestTests;
			productReference = 41C5FF7A191E9BCD00AB6772 /* HeroQuestTests.xctest */;
			productType = "com.apple.product-type.bundle.unit-test";
		};
/* End PBXNativeTarget section */

/* Begin PBXProject section */
		41C5FF51191E9BCC00AB6772 /* Project object */ = {
			isa = PBXProject;
			attributes = {
				LastUpgradeCheck = 0510;
				ORGANIZATIONNAME = "Jian Yao Ang";
				TargetAttributes = {
					41C5FF79191E9BCD00AB6772 = {
						TestTargetID = 41C5FF58191E9BCC00AB6772;
					};
				};
			};
			buildConfigurationList = 41C5FF54191E9BCC00AB6772 /* Build configuration list for PBXProject "HeroQuest" */;
			compatibilityVersion = "Xcode 3.2";
			developmentRegion = English;
			hasScannedForEncodings = 0;
			knownRegions = (
				en,
				Base,
			);
			mainGroup = 41C5FF50191E9BCC00AB6772;
			productRefGroup = 41C5FF5A191E9BCD00AB6772 /* Products */;
			projectDirPath = "";
			projectRoot = "";
			targets = (
				41C5FF58191E9BCC00AB6772 /* HeroQuest */,
				41C5FF79191E9BCD00AB6772 /* HeroQuestTests */,
			);
		};
/* End PBXProject section */

/* Begin PBXResourcesBuildPhase section */
		41C5FF57191E9BCC00AB6772 /* Resources */ = {
			isa = PBXResourcesBuildPhase;
			buildActionMask = 2147483647;
			files = (
				41C5FF75191E9BCD00AB6772 /* Images.xcassets in Resources */,
				41C5FF67191E9BCD00AB6772 /* InfoPlist.strings in Resources */,
				41C5FF70191E9BCD00AB6772 /* Main.storyboard in Resources */,
			);
			runOnlyForDeploymentPostprocessing = 0;
		};
		41C5FF78191E9BCD00AB6772 /* Resources */ = {
			isa = PBXResourcesBuildPhase;
			buildActionMask = 2147483647;
			files = (
				41C5FF86191E9BCD00AB6772 /* InfoPlist.strings in Resources */,
			);
			runOnlyForDeploymentPostprocessing = 0;
		};
/* End PBXResourcesBuildPhase section */

/* Begin PBXSourcesBuildPhase section */
		41C5FF55191E9BCC00AB6772 /* Sources */ = {
			isa = PBXSourcesBuildPhase;
			buildActionMask = 2147483647;
			files = (
				41C5FF73191E9BCD00AB6772 /* LoginViewController.m in Sources */,
				412EAA97191EA7E200982F84 /* QuestListViewController.m in Sources */,
				41C5FF6D191E9BCD00AB6772 /* AppDelegate.m in Sources */,
				41C5FF69191E9BCD00AB6772 /* main.m in Sources */,
			);
			runOnlyForDeploymentPostprocessing = 0;
		};
		41C5FF76191E9BCD00AB6772 /* Sources */ = {
			isa = PBXSourcesBuildPhase;
			buildActionMask = 2147483647;
			files = (
				41C5FF88191E9BCD00AB6772 /* HeroQuestTests.m in Sources */,
			);
			runOnlyForDeploymentPostprocessing = 0;
		};
/* End PBXSourcesBuildPhase section */

/* Begin PBXTargetDependency section */
		41C5FF80191E9BCD00AB6772 /* PBXTargetDependency */ = {
			isa = PBXTargetDependency;
			target = 41C5FF58191E9BCC00AB6772 /* HeroQuest */;
			targetProxy = 41C5FF7F191E9BCD00AB6772 /* PBXContainerItemProxy */;
		};
/* End PBXTargetDependency section */

/* Begin PBXVariantGroup section */
		41C5FF65191E9BCD00AB6772 /* InfoPlist.strings */ = {
			isa = PBXVariantGroup;
			children = (
				41C5FF66191E9BCD00AB6772 /* en */,
			);
			name = InfoPlist.strings;
			sourceTree = "<group>";
		};
		41C5FF6E191E9BCD00AB6772 /* Main.storyboard */ = {
			isa = PBXVariantGroup;
			children = (
				41C5FF6F191E9BCD00AB6772 /* Base */,
			);
			name = Main.storyboard;
			sourceTree = "<group>";
		};
		41C5FF84191E9BCD00AB6772 /* InfoPlist.strings */ = {
			isa = PBXVariantGroup;
			children = (
				41C5FF85191E9BCD00AB6772 /* en */,
			);
			name = InfoPlist.strings;
			sourceTree = "<group>";
		};
/* End PBXVariantGroup section */

/* Begin XCBuildConfiguration section */
		41C5FF89191E9BCD00AB6772 /* Debug */ = {
			isa = XCBuildConfiguration;
			buildSettings = {
				ALWAYS_SEARCH_USER_PATHS = NO;
				CLANG_CXX_LANGUAGE_STANDARD = "gnu++0x";
				CLANG_CXX_LIBRARY = "libc++";
				CLANG_ENABLE_MODULES = YES;
				CLANG_ENABLE_OBJC_ARC = YES;
				CLANG_WARN_BOOL_CONVERSION = YES;
				CLANG_WARN_CONSTANT_CONVERSION = YES;
				CLANG_WARN_DIRECT_OBJC_ISA_USAGE = YES_ERROR;
				CLANG_WARN_EMPTY_BODY = YES;
				CLANG_WARN_ENUM_CONVERSION = YES;
				CLANG_WARN_INT_CONVERSION = YES;
				CLANG_WARN_OBJC_ROOT_CLASS = YES_ERROR;
				CLANG_WARN__DUPLICATE_METHOD_MATCH = YES;
				"CODE_SIGN_IDENTITY[sdk=iphoneos*]" = "iPhone Developer";
				COPY_PHASE_STRIP = NO;
				GCC_C_LANGUAGE_STANDARD = gnu99;
				GCC_DYNAMIC_NO_PIC = NO;
				GCC_OPTIMIZATION_LEVEL = 0;
				GCC_PREPROCESSOR_DEFINITIONS = (
					"DEBUG=1",
					"$(inherited)",
				);
				GCC_SYMBOLS_PRIVATE_EXTERN = NO;
				GCC_WARN_64_TO_32_BIT_CONVERSION = YES;
				GCC_WARN_ABOUT_RETURN_TYPE = YES_ERROR;
				GCC_WARN_UNDECLARED_SELECTOR = YES;
				GCC_WARN_UNINITIALIZED_AUTOS = YES_AGGRESSIVE;
				GCC_WARN_UNUSED_FUNCTION = YES;
				GCC_WARN_UNUSED_VARIABLE = YES;
				IPHONEOS_DEPLOYMENT_TARGET = 7.1;
				ONLY_ACTIVE_ARCH = YES;
				SDKROOT = iphoneos;
			};
			name = Debug;
		};
		41C5FF8A191E9BCD00AB6772 /* Release */ = {
			isa = XCBuildConfiguration;
			buildSettings = {
				ALWAYS_SEARCH_USER_PATHS = NO;
				CLANG_CXX_LANGUAGE_STANDARD = "gnu++0x";
				CLANG_CXX_LIBRARY = "libc++";
				CLANG_ENABLE_MODULES = YES;
				CLANG_ENABLE_OBJC_ARC = YES;
				CLANG_WARN_BOOL_CONVERSION = YES;
				CLANG_WARN_CONSTANT_CONVERSION = YES;
				CLANG_WARN_DIRECT_OBJC_ISA_USAGE = YES_ERROR;
				CLANG_WARN_EMPTY_BODY = YES;
				CLANG_WARN_ENUM_CONVERSION = YES;
				CLANG_WARN_INT_CONVERSION = YES;
				CLANG_WARN_OBJC_ROOT_CLASS = YES_ERROR;
				CLANG_WARN__DUPLICATE_METHOD_MATCH = YES;
				"CODE_SIGN_IDENTITY[sdk=iphoneos*]" = "iPhone Developer";
				COPY_PHASE_STRIP = YES;
				ENABLE_NS_ASSERTIONS = NO;
				GCC_C_LANGUAGE_STANDARD = gnu99;
				GCC_WARN_64_TO_32_BIT_CONVERSION = YES;
				GCC_WARN_ABOUT_RETURN_TYPE = YES_ERROR;
				GCC_WARN_UNDECLARED_SELECTOR = YES;
				GCC_WARN_UNINITIALIZED_AUTOS = YES_AGGRESSIVE;
				GCC_WARN_UNUSED_FUNCTION = YES;
				GCC_WARN_UNUSED_VARIABLE = YES;
				IPHONEOS_DEPLOYMENT_TARGET = 7.1;
				SDKROOT = iphoneos;
				VALIDATE_PRODUCT = YES;
			};
			name = Release;
		};
		41C5FF8C191E9BCD00AB6772 /* Debug */ = {
			isa = XCBuildConfiguration;
			buildSettings = {
				ASSETCATALOG_COMPILER_APPICON_NAME = AppIcon;
				ASSETCATALOG_COMPILER_LAUNCHIMAGE_NAME = LaunchImage;
				GCC_PRECOMPILE_PREFIX_HEADER = YES;
				GCC_PREFIX_HEADER = "HeroQuest/HeroQuest-Prefix.pch";
				INFOPLIST_FILE = "HeroQuest/HeroQuest-Info.plist";
				PRODUCT_NAME = "$(TARGET_NAME)";
				WRAPPER_EXTENSION = app;
			};
			name = Debug;
		};
		41C5FF8D191E9BCD00AB6772 /* Release */ = {
			isa = XCBuildConfiguration;
			buildSettings = {
				ASSETCATALOG_COMPILER_APPICON_NAME = AppIcon;
				ASSETCATALOG_COMPILER_LAUNCHIMAGE_NAME = LaunchImage;
				GCC_PRECOMPILE_PREFIX_HEADER = YES;
				GCC_PREFIX_HEADER = "HeroQuest/HeroQuest-Prefix.pch";
				INFOPLIST_FILE = "HeroQuest/HeroQuest-Info.plist";
				PRODUCT_NAME = "$(TARGET_NAME)";
				WRAPPER_EXTENSION = app;
			};
			name = Release;
		};
		41C5FF8F191E9BCD00AB6772 /* Debug */ = {
			isa = XCBuildConfiguration;
			buildSettings = {
				BUNDLE_LOADER = "$(BUILT_PRODUCTS_DIR)/HeroQuest.app/HeroQuest";
				FRAMEWORK_SEARCH_PATHS = (
					"$(SDKROOT)/Developer/Library/Frameworks",
					"$(inherited)",
					"$(DEVELOPER_FRAMEWORKS_DIR)",
				);
				GCC_PRECOMPILE_PREFIX_HEADER = YES;
				GCC_PREFIX_HEADER = "HeroQuest/HeroQuest-Prefix.pch";
				GCC_PREPROCESSOR_DEFINITIONS = (
					"DEBUG=1",
					"$(inherited)",
				);
				INFOPLIST_FILE = "HeroQuestTests/HeroQuestTests-Info.plist";
				PRODUCT_NAME = "$(TARGET_NAME)";
				TEST_HOST = "$(BUNDLE_LOADER)";
				WRAPPER_EXTENSION = xctest;
			};
			name = Debug;
		};
		41C5FF90191E9BCD00AB6772 /* Release */ = {
			isa = XCBuildConfiguration;
			buildSettings = {
				BUNDLE_LOADER = "$(BUILT_PRODUCTS_DIR)/HeroQuest.app/HeroQuest";
				FRAMEWORK_SEARCH_PATHS = (
					"$(SDKROOT)/Developer/Library/Frameworks",
					"$(inherited)",
					"$(DEVELOPER_FRAMEWORKS_DIR)",
				);
				GCC_PRECOMPILE_PREFIX_HEADER = YES;
				GCC_PREFIX_HEADER = "HeroQuest/HeroQuest-Prefix.pch";
				INFOPLIST_FILE = "HeroQuestTests/HeroQuestTests-Info.plist";
				PRODUCT_NAME = "$(TARGET_NAME)";
				TEST_HOST = "$(BUNDLE_LOADER)";
				WRAPPER_EXTENSION = xctest;
			};
			name = Release;
		};
/* End XCBuildConfiguration section */

/* Begin XCConfigurationList section */
		41C5FF54191E9BCC00AB6772 /* Build configuration list for PBXProject "HeroQuest" */ = {
			isa = XCConfigurationList;
			buildConfigurations = (
				41C5FF89191E9BCD00AB6772 /* Debug */,
				41C5FF8A191E9BCD00AB6772 /* Release */,
			);
			defaultConfigurationIsVisible = 0;
			defaultConfigurationName = Release;
		};
		41C5FF8B191E9BCD00AB6772 /* Build configuration list for PBXNativeTarget "HeroQuest" */ = {
			isa = XCConfigurationList;
			buildConfigurations = (
				41C5FF8C191E9BCD00AB6772 /* Debug */,
				41C5FF8D191E9BCD00AB6772 /* Release */,
			);
			defaultConfigurationIsVisible = 0;
			defaultConfigurationName = Release;
		};
		41C5FF8E191E9BCD00AB6772 /* Build configuration list for PBXNativeTarget "HeroQuestTests" */ = {
			isa = XCConfigurationList;
			buildConfigurations = (
				41C5FF8F191E9BCD00AB6772 /* Debug */,
				41C5FF90191E9BCD00AB6772 /* Release */,
			);
			defaultConfigurationIsVisible = 0;
			defaultConfigurationName = Release;
		};
/* End XCConfigurationList section */
	};
	rootObject = 41C5FF51191E9BCC00AB6772 /* Project object */;
}
